
Microsoft Visual Studio Solution File, Format Version 12.00
# Visual Studio Version 17
VisualStudioVersion = 17.8.34330.188
MinimumVisualStudioVersion = 10.0.40219.1
Project("{FAE04EC0-301F-11D3-BF4B-00C04F79EFBC}") = "iis-hosted", "iis-hosted.csproj", "{2C239A0E-B354-4ABB-8F82-30290AA73A9C}"
EndProject
Global
	GlobalSection(SolutionConfigurationPlatforms) = preSolution
		Debug|Any CPU = Debug|Any CPU
		Release|Any CPU = Release|Any CPU
	EndGlobalSection
	GlobalSection(ProjectConfigurationPlatforms) = postSolution
		{2C239A0E-B354-4ABB-8F82-30290AA73A9C}.Debug|Any CPU.ActiveCfg = Debug|Any CPU
		{2C239A0E-B354-4ABB-8F82-30290AA73A9C}.Debug|Any CPU.Build.0 = Debug|Any CPU
		{2C239A0E-B354-4ABB-8F82-30290AA73A9C}.Release|Any CPU.ActiveCfg = Release|Any CPU
		{2C239A0E-B354-4ABB-8F82-30290AA73A9C}.Release|Any CPU.Build.0 = Release|Any CPU
	EndGlobalSection
	GlobalSection(SolutionProperties) = preSolution
		HideSolutionNode = FALSE
	EndGlobalSection
	GlobalSection(ExtensibilityGlobals) = postSolution
		SolutionGuid = {AF3956AA-F469-426D-95A6-01B9E491854E}
	EndGlobalSection
EndGlobal
